<?xml version="1.0" encoding="utf-8"?>
<Project ToolsVersion="4.0" xmlns="http://schemas.microsoft.com/developer/msbuild/2003">
  <ItemGroup>
    <Filter Include="Source Files">
      <UniqueIdentifier>{4FC737F1-C7A5-4376-A066-2A32D752A2FF}</UniqueIdentifier>
      <Extensions>cpp;c;cc;cxx;c++;cppm;ixx;def;odl;idl;hpj;bat;asm;asmx</Extensions>
    </Filter>
    <Filter Include="Header Files">
      <UniqueIdentifier>{93995380-89BD-4b04-88EB-625FBE52EBFB}</UniqueIdentifier>
      <Extensions>h;hh;hpp;hxx;h++;hm;inl;inc;ipp;xsd</Extensions>
    </Filter>
    <Filter Include="Models">
      <UniqueIdentifier>{5b1ffd0a-a8d0-425d-ae54-0b8310b99e28}</UniqueIdentifier>
    </Filter>
    <Filter Include="Interfaces">
      <UniqueIdentifier>{21bca593-4ffa-4950-9450-1825e652cf96}</UniqueIdentifier>
    </Filter>
    <Filter Include="Models\ISteamUser">
      <UniqueIdentifier>{89ef97a4-02bd-446e-8642-77c69c39e754}</UniqueIdentifier>
    </Filter>
  </ItemGroup>
  <ItemGroup>
    <ClCompile Include="main.cpp">
      <Filter>Source Files</Filter>
    </ClCompile>
    <ClCompile Include="isteaminterface.cpp">
      <Filter>Interfaces</Filter>
    </ClCompile>
    <ClCompile Include="isteamuser.cpp">
      <Filter>Interfaces</Filter>
    </ClCompile>
    <ClCompile Include="playerfriend.h">
      <Filter>Models\ISteamUser</Filter>
    </ClCompile>
  </ItemGroup>
  <ItemGroup>
    <ClInclude Include="steamconst.h">
      <Filter>Header Files</Filter>
    </ClInclude>
    <ClInclude Include="isteamuser.h">
      <Filter>Interfaces</Filter>
    </ClInclude>
    <ClInclude Include="isteaminterface.h">
      <Filter>Interfaces</Filter>
    </ClInclude>
    <ClInclude Include="playersummary.h">
      <Filter>Models\ISteamUser</Filter>
    </ClInclude>
    <ClInclude Include="playerbans.h">
      <Filter>Models\ISteamUser</Filter>
    </ClInclude>
    <ClInclude Include="vanityurl.h">
      <Filter>Models\ISteamUser</Filter>
    </ClInclude>
  </ItemGroup>
</Project>